
Microsoft Visual Studio Solution File, Format Version 12.00
# Visual Studio Version 17
VisualStudioVersion = 17.13.35919.96 d17.13
MinimumVisualStudioVersion = 10.0.40219.1
Project("{FAE04EC0-301F-11D3-BF4B-00C04F79EFBC}") = "AnonymousType", "AnonymousType\AnonymousType.csproj", "{47568D5B-756B-4BDD-AD35-091C2BAF19E2}"
EndProject
Global
	GlobalSection(SolutionConfigurationPlatforms) = preSolution
		Debug|Any CPU = Debug|Any CPU
		Release|Any CPU = Release|Any CPU
	EndGlobalSection
	GlobalSection(ProjectConfigurationPlatforms) = postSolution
		{47568D5B-756B-4BDD-AD35-091C2BAF19E2}.Debug|Any CPU.ActiveCfg = Debug|Any CPU
		{47568D5B-756B-4BDD-AD35-091C2BAF19E2}.Debug|Any CPU.Build.0 = Debug|Any CPU
		{47568D5B-756B-4BDD-AD35-091C2BAF19E2}.Release|Any CPU.ActiveCfg = Release|Any CPU
		{47568D5B-756B-4BDD-AD35-091C2BAF19E2}.Release|Any CPU.Build.0 = Release|Any CPU
	EndGlobalSection
	GlobalSection(SolutionProperties) = preSolution
		HideSolutionNode = FALSE
	EndGlobalSection
	GlobalSection(ExtensibilityGlobals) = postSolution
		SolutionGuid = {BAC05A96-E125-4276-AC40-756DFAC5ED8B}
	EndGlobalSection
EndGlobal
